
Microsoft Visual Studio Solution File, Format Version 12.00
# Visual Studio 15
VisualStudioVersion = 15.0.27703.2042
MinimumVisualStudioVersion = 10.0.40219.1
Project("{FAE04EC0-301F-11D3-BF4B-00C04F79EFBC}") = "SpyStore.Service", "SpyStore.Service\SpyStore.Service.csproj", "{40026481-C1CE-4C45-BD74-828041B4E817}"
EndProject
Global
	GlobalSection(SolutionConfigurationPlatforms) = preSolution
		Debug|Any CPU = Debug|Any CPU
		Release|Any CPU = Release|Any CPU
	EndGlobalSection
	GlobalSection(ProjectConfigurationPlatforms) = postSolution
		{40026481-C1CE-4C45-BD74-828041B4E817}.Debug|Any CPU.ActiveCfg = Debug|Any CPU
		{40026481-C1CE-4C45-BD74-828041B4E817}.Debug|Any CPU.Build.0 = Debug|Any CPU
		{40026481-C1CE-4C45-BD74-828041B4E817}.Release|Any CPU.ActiveCfg = Release|Any CPU
		{40026481-C1CE-4C45-BD74-828041B4E817}.Release|Any CPU.Build.0 = Release|Any CPU
	EndGlobalSection
	GlobalSection(SolutionProperties) = preSolution
		HideSolutionNode = FALSE
	EndGlobalSection
	GlobalSection(ExtensibilityGlobals) = postSolution
		SolutionGuid = {032B1EF7-046E-4ACD-96E1-611C95CFA06C}
	EndGlobalSection
EndGlobal
